{
  "lib/forge-std": {
    "tag": {
      "name": "v1.16.2",
      "rev": "bf647bd6046f2f7da30d0c2bf435e5c76a780c1b"
    }
  },
  "lib/openzeppelin-contracts": {
    "tag": {
      "name": "v5.6.1",
      "rev": "5fd1781b1454fd1ef8e722282f86f9293cacf256"
    }
  },
  "lib/openzeppelin-contracts-upgradeable": {
    "tag": {
      "name": "v5.6.1",
      "rev": "7bf4727aacdbfaa0f36cbd664654d0c9e1dc52bf"
    }
  },
  "lib/universal-router": {
    "tag": {
      "name": "2.2.0",
      "rev": "020e1b786ad9a6bad924874752167934734ad1e1"
    }
  },
  "lib/v4-core": {
    "tag": {
      "name": "v4.0.0",
      "rev": "e50237c43811bd9b526eff40f26772152a42daba"
    }
  },
  "lib/v4-hooks-public": {
    "rev": "7da5210f2c81a700820a6b4f585264233d91f349"
  },
  "lib/v4-periphery": {
    "rev": "3245c3cb99c48fa1dc2459c3b60abc37d4294aba"
  }
}